
Microsoft Visual Studio Solution File, Format Version 12.00
# Visual Studio Version 16
VisualStudioVersion = 16.0.32002.261
MinimumVisualStudioVersion = 10.0.40219.1
Project("{FAE04EC0-301F-11D3-BF4B-00C04F79EFBC}") = "AsynchronousProgramming.Unreliable", "AsynchronousProgramming.Unreliable\AsynchronousProgramming.Unreliable.csproj", "{5A0D3395-1EB1-4F99-8FB3-208096920116}"
EndProject
Project("{FAE04EC0-301F-11D3-BF4B-00C04F79EFBC}") = "AsynchronousProgramming.Reliable", "AsynchronousProgramming.Reliable\AsynchronousProgramming.Reliable.csproj", "{4DD35656-2F6A-4E9D-A558-F8D2EB8BACC7}"
EndProject
Project("{FAE04EC0-301F-11D3-BF4B-00C04F79EFBC}") = "TaskParallelLibrary.Login", "TaskParallelLibrary.Login\TaskParallelLibrary.Login.csproj", "{A92A85BE-2DA7-4F49-A2E7-5B311B30B163}"
EndProject
Project("{FAE04EC0-301F-11D3-BF4B-00C04F79EFBC}") = "AsynchronousProgramming.API3", "AsynchronousProgramming.API3\AsynchronousProgramming.API3.csproj", "{088CDAA5-10BF-44D1-BDF8-48D2F14D5039}"
EndProject
Global
	GlobalSection(SolutionConfigurationPlatforms) = preSolution
		Debug|Any CPU = Debug|Any CPU
		Release|Any CPU = Release|Any CPU
	EndGlobalSection
	GlobalSection(ProjectConfigurationPlatforms) = postSolution
		{5A0D3395-1EB1-4F99-8FB3-208096920116}.Debug|Any CPU.ActiveCfg = Debug|Any CPU
		{5A0D3395-1EB1-4F99-8FB3-208096920116}.Debug|Any CPU.Build.0 = Debug|Any CPU
		{5A0D3395-1EB1-4F99-8FB3-208096920116}.Release|Any CPU.ActiveCfg = Release|Any CPU
		{5A0D3395-1EB1-4F99-8FB3-208096920116}.Release|Any CPU.Build.0 = Release|Any CPU
		{4DD35656-2F6A-4E9D-A558-F8D2EB8BACC7}.Debug|Any CPU.ActiveCfg = Debug|Any CPU
		{4DD35656-2F6A-4E9D-A558-F8D2EB8BACC7}.Debug|Any CPU.Build.0 = Debug|Any CPU
		{4DD35656-2F6A-4E9D-A558-F8D2EB8BACC7}.Release|Any CPU.ActiveCfg = Release|Any CPU
		{4DD35656-2F6A-4E9D-A558-F8D2EB8BACC7}.Release|Any CPU.Build.0 = Release|Any CPU
		{A92A85BE-2DA7-4F49-A2E7-5B311B30B163}.Debug|Any CPU.ActiveCfg = Debug|Any CPU
		{A92A85BE-2DA7-4F49-A2E7-5B311B30B163}.Debug|Any CPU.Build.0 = Debug|Any CPU
		{A92A85BE-2DA7-4F49-A2E7-5B311B30B163}.Release|Any CPU.ActiveCfg = Release|Any CPU
		{A92A85BE-2DA7-4F49-A2E7-5B311B30B163}.Release|Any CPU.Build.0 = Release|Any CPU
		{088CDAA5-10BF-44D1-BDF8-48D2F14D5039}.Debug|Any CPU.ActiveCfg = Debug|Any CPU
		{088CDAA5-10BF-44D1-BDF8-48D2F14D5039}.Debug|Any CPU.Build.0 = Debug|Any CPU
		{088CDAA5-10BF-44D1-BDF8-48D2F14D5039}.Release|Any CPU.ActiveCfg = Release|Any CPU
		{088CDAA5-10BF-44D1-BDF8-48D2F14D5039}.Release|Any CPU.Build.0 = Release|Any CPU
	EndGlobalSection
	GlobalSection(SolutionProperties) = preSolution
		HideSolutionNode = FALSE
	EndGlobalSection
	GlobalSection(ExtensibilityGlobals) = postSolution
		SolutionGuid = {5F2F9C9D-571D-4B7B-B191-2C73752EF3CF}
	EndGlobalSection
EndGlobal
